// !$*UTF8*$!
{
	archiveVersion = 1;
	classes = {
	};
	objectVersion = 56;
	objects = {

/* Begin PBXBuildFile section */
		8E533D3B29F0D07900C2C802 /* PGNApp.swift in Sources */ = {isa = PBXBuildFile; fileRef = 8E533D3A29F0D07900C2C802 /* PGNApp.swift */; };
		8E533D3D29F0D07900C2C802 /* ContentView.swift in Sources */ = {isa = PBXBuildFile; fileRef = 8E533D3C29F0D07900C2C802 /* ContentView.swift */; };
		8E533D3F29F0D07B00C2C802 /* Assets.xcassets in Resources */ = {isa = PBXBuildFile; fileRef = 8E533D3E29F0D07B00C2C802 /* Assets.xcassets */; };
		8E533D4229F0D07B00C2C802 /* Preview Assets.xcassets in Resources */ = {isa = PBXBuildFile; fileRef = 8E533D4129F0D07B00C2C802 /* Preview Assets.xcassets */; };
		8E533D4D29F0D07C00C2C802 /* PGNTests.swift in Sources */ = {isa = PBXBuildFile; fileRef = 8E533D4C29F0D07C00C2C802 /* PGNTests.swift */; };
		8E533D5729F0D07C00C2C802 /* PGNUITests.swift in Sources */ = {isa = PBXBuildFile; fileRef = 8E533D5629F0D07C00C2C802 /* PGNUITests.swift */; };
		8E533D5929F0D07C00C2C802 /* PGNUITestsLaunchTests.swift in Sources */ = {isa = PBXBuildFile; fileRef = 8E533D5829F0D07C00C2C802 /* PGNUITestsLaunchTests.swift */; };
/* End PBXBuildFile section */

/* Begin PBXContainerItemProxy section */
		8E533D4929F0D07C00C2C802 /* PBXContainerItemProxy */ = {
			isa = PBXContainerItemProxy;
			containerPortal = 8E533D2F29F0D07900C2C802 /* Project object */;
			proxyType = 1;
			remoteGlobalIDString = 8E533D3629F0D07900C2C802;
			remoteInfo = PGN;
		};
		8E533D5329F0D07C00C2C802 /* PBXContainerItemProxy */ = {
			isa = PBXContainerItemProxy;
			containerPortal = 8E533D2F29F0D07900C2C802 /* Project object */;
			proxyType = 1;
			remoteGlobalIDString = 8E533D3629F0D07900C2C802;
			remoteInfo = PGN;
		};
/* End PBXContainerItemProxy section */

/* Begin PBXFileReference section */
		8E533D3729F0D07900C2C802 /* PGN.app */ = {isa = PBXFileReference; explicitFileType = wrapper.application; includeInIndex = 0; path = PGN.app; sourceTree = BUILT_PRODUCTS_DIR; };
		8E533D3A29F0D07900C2C802 /* PGNApp.swift */ = {isa = PBXFileReference; lastKnownFileType = sourcecode.swift; path = PGNApp.swift; sourceTree = "<group>"; };
		8E533D3C29F0D07900C2C802 /* ContentView.swift */ = {isa = PBXFileReference; lastKnownFileType = sourcecode.swift; path = ContentView.swift; sourceTree = "<group>"; };
		8E533D3E29F0D07B00C2C802 /* Assets.xcassets */ = {isa = PBXFileReference; lastKnownFileType = folder.assetcatalog; path = Assets.xcassets; sourceTree = "<group>"; };
		8E533D4129F0D07B00C2C802 /* Preview Assets.xcassets */ = {isa = PBXFileReference; lastKnownFileType = folder.assetcatalog; path = "Preview Assets.xcassets"; sourceTree = "<group>"; };
		8E533D4329F0D07B00C2C802 /* PGN.entitlements */ = {isa = PBXFileReference; lastKnownFileType = text.plist.entitlements; path = PGN.entitlements; sourceTree = "<group>"; };
		8E533D4829F0D07C00C2C802 /* PGNTests.xctest */ = {isa = PBXFileReference; explicitFileType = wrapper.cfbundle; includeInIndex = 0; path = PGNTests.xctest; sourceTree = BUILT_PRODUCTS_DIR; };
		8E533D4C29F0D07C00C2C802 /* PGNTests.swift */ = {isa = PBXFileReference; lastKnownFileType = sourcecode.swift; path = PGNTests.swift; sourceTree = "<group>"; };
		8E533D5229F0D07C00C2C802 /* PGNUITests.xctest */ = {isa = PBXFileReference; explicitFileType = wrapper.cfbundle; includeInIndex = 0; path = PGNUITests.xctest; sourceTree = BUILT_PRODUCTS_DIR; };
		8E533D5629F0D07C00C2C802 /* PGNUITests.swift */ = {isa = PBXFileReference; lastKnownFileType = sourcecode.swift; path = PGNUITests.swift; sourceTree = "<group>"; };
		8E533D5829F0D07C00C2C802 /* PGNUITestsLaunchTests.swift */ = {isa = PBXFileReference; lastKnownFileType = sourcecode.swift; path = PGNUITestsLaunchTests.swift; sourceTree = "<group>"; };
/* End PBXFileReference section */

/* Begin PBXFrameworksBuildPhase section */
		8E533D3429F0D07900C2C802 /* Frameworks */ = {
			isa = PBXFrameworksBuildPhase;
			buildActionMask = 2147483647;
			files = (
			);
			runOnlyForDeploymentPostprocessing = 0;
		};
		8E533D4529F0D07C00C2C802 /* Frameworks */ = {
			isa = PBXFrameworksBuildPhase;
			buildActionMask = 2147483647;
			files = (
			);
			runOnlyForDeploymentPostprocessing = 0;
		};
		8E533D4F29F0D07C00C2C802 /* Frameworks */ = {
			isa = PBXFrameworksBuildPhase;
			buildActionMask = 2147483647;
			files = (
			);
			runOnlyForDeploymentPostprocessing = 0;
		};
/* End PBXFrameworksBuildPhase section */

/* Begin PBXGroup section */
		8E533D2E29F0D07900C2C802 = {
			isa = PBXGroup;
			children = (
				8E533D3929F0D07900C2C802 /* PGN */,
				8E533D4B29F0D07C00C2C802 /* PGNTests */,
				8E533D5529F0D07C00C2C802 /* PGNUITests */,
				8E533D3829F0D07900C2C802 /* Products */,
			);
			sourceTree = "<group>";
		};
		8E533D3829F0D07900C2C802 /* Products */ = {
			isa = PBXGroup;
			children = (
				8E533D3729F0D07900C2C802 /* PGN.app */,
				8E533D4829F0D07C00C2C802 /* PGNTests.xctest */,
				8E533D5229F0D07C00C2C802 /* PGNUITests.xctest */,
			);
			name = Products;
			sourceTree = "<group>";
		};
		8E533D3929F0D07900C2C802 /* PGN */ = {
			isa = PBXGroup;
			children = (
				8E533D3A29F0D07900C2C802 /* PGNApp.swift */,
				8E533D3C29F0D07900C2C802 /* ContentView.swift */,
				8E533D3E29F0D07B00C2C802 /* Assets.xcassets */,
				8E533D4329F0D07B00C2C802 /* PGN.entitlements */,
				8E533D4029F0D07B00C2C802 /* Preview Content */,
			);
			path = PGN;
			sourceTree = "<group>";
		};
		8E533D4029F0D07B00C2C802 /* Preview Content */ = {
			isa = PBXGroup;
			children = (
				8E533D4129F0D07B00C2C802 /* Preview Assets.xcassets */,
			);
			path = "Preview Content";
			sourceTree = "<group>";
		};
		8E533D4B29F0D07C00C2C802 /* PGNTests */ = {
			isa = PBXGroup;
			children = (
				8E533D4C29F0D07C00C2C802 /* PGNTests.swift */,
			);
			path = PGNTests;
			sourceTree = "<group>";
		};
		8E533D5529F0D07C00C2C802 /* PGNUITests */ = {
			isa = PBXGroup;
			children = (
				8E533D5629F0D07C00C2C802 /* PGNUITests.swift */,
				8E533D5829F0D07C00C2C802 /* PGNUITestsLaunchTests.swift */,
			);
			path = PGNUITests;
			sourceTree = "<group>";
		};
/* End PBXGroup section */

/* Begin PBXNativeTarget section */
		8E533D3629F0D07900C2C802 /* PGN */ = {
			isa = PBXNativeTarget;
			buildConfigurationList = 8E533D5C29F0D07C00C2C802 /* Build configuration list for PBXNativeTarget "PGN" */;
			buildPhases = (
				8E533D3329F0D07900C2C802 /* Sources */,
				8E533D3429F0D07900C2C802 /* Frameworks */,
				8E533D3529F0D07900C2C802 /* Resources */,
			);
			buildRules = (
			);
			dependencies = (
			);
			name = PGN;
			productName = PGN;
			productReference = 8E533D3729F0D07900C2C802 /* PGN.app */;
			productType = "com.apple.product-type.application";
		};
		8E533D4729F0D07C00C2C802 /* PGNTests */ = {
			isa = PBXNativeTarget;
			buildConfigurationList = 8E533D5F29F0D07C00C2C802 /* Build configuration list for PBXNativeTarget "PGNTests" */;
			buildPhases = (
				8E533D4429F0D07C00C2C802 /* Sources */,
				8E533D4529F0D07C00C2C802 /* Frameworks */,
				8E533D4629F0D07C00C2C802 /* Resources */,
			);
			buildRules = (
			);
			dependencies = (
				8E533D4A29F0D07C00C2C802 /* PBXTargetDependency */,
			);
			name = PGNTests;
			productName = PGNTests;
			productReference = 8E533D4829F0D07C00C2C802 /* PGNTests.xctest */;
			productType = "com.apple.product-type.bundle.unit-test";
		};
		8E533D5129F0D07C00C2C802 /* PGNUITests */ = {
			isa = PBXNativeTarget;
			buildConfigurationList = 8E533D6229F0D07C00C2C802 /* Build configuration list for PBXNativeTarget "PGNUITests" */;
			buildPhases = (
				8E533D4E29F0D07C00C2C802 /* Sources */,
				8E533D4F29F0D07C00C2C802 /* Frameworks */,
				8E533D5029F0D07C00C2C802 /* Resources */,
			);
			buildRules = (
			);
			dependencies = (
				8E533D5429F0D07C00C2C802 /* PBXTargetDependency */,
			);
			name = PGNUITests;
			productName = PGNUITests;
			productReference = 8E533D5229F0D07C00C2C802 /* PGNUITests.xctest */;
			productType = "com.apple.product-type.bundle.ui-testing";
		};
/* End PBXNativeTarget section */

/* Begin PBXProject section */
		8E533D2F29F0D07900C2C802 /* Project object */ = {
			isa = PBXProject;
			attributes = {
				BuildIndependentTargetsInParallel = 1;
				LastSwiftUpdateCheck = 1420;
				LastUpgradeCheck = 1420;
				TargetAttributes = {
					8E533D3629F0D07900C2C802 = {
						CreatedOnToolsVersion = 14.2;
					};
					8E533D4729F0D07C00C2C802 = {
						CreatedOnToolsVersion = 14.2;
						TestTargetID = 8E533D3629F0D07900C2C802;
					};
					8E533D5129F0D07C00C2C802 = {
						CreatedOnToolsVersion = 14.2;
						TestTargetID = 8E533D3629F0D07900C2C802;
					};
				};
			};
			buildConfigurationList = 8E533D3229F0D07900C2C802 /* Build configuration list for PBXProject "PGN" */;
			compatibilityVersion = "Xcode 14.0";
			developmentRegion = en;
			hasScannedForEncodings = 0;
			knownRegions = (
				en,
				Base,
			);
			mainGroup = 8E533D2E29F0D07900C2C802;
			productRefGroup = 8E533D3829F0D07900C2C802 /* Products */;
			projectDirPath = "";
			projectRoot = "";
			targets = (
				8E533D3629F0D07900C2C802 /* PGN */,
				8E533D4729F0D07C00C2C802 /* PGNTests */,
				8E533D5129F0D07C00C2C802 /* PGNUITests */,
			);
		};
/* End PBXProject section */

/* Begin PBXResourcesBuildPhase section */
		8E533D3529F0D07900C2C802 /* Resources */ = {
			isa = PBXResourcesBuildPhase;
			buildActionMask = 2147483647;
			files = (
				8E533D4229F0D07B00C2C802 /* Preview Assets.xcassets in Resources */,
				8E533D3F29F0D07B00C2C802 /* Assets.xcassets in Resources */,
			);
			runOnlyForDeploymentPostprocessing = 0;
		};
		8E533D4629F0D07C00C2C802 /* Resources */ = {
			isa = PBXResourcesBuildPhase;
			buildActionMask = 2147483647;
			files = (
			);
			runOnlyForDeploymentPostprocessing = 0;
		};
		8E533D5029F0D07C00C2C802 /* Resources */ = {
			isa = PBXResourcesBuildPhase;
			buildActionMask = 2147483647;
			files = (
			);
			runOnlyForDeploymentPostprocessing = 0;
		};
/* End PBXResourcesBuildPhase section */

/* Begin PBXSourcesBuildPhase section */
		8E533D3329F0D07900C2C802 /* Sources */ = {
			isa = PBXSourcesBuildPhase;
			buildActionMask = 2147483647;
			files = (
				8E533D3D29F0D07900C2C802 /* ContentView.swift in Sources */,
				8E533D3B29F0D07900C2C802 /* PGNApp.swift in Sources */,
			);
			runOnlyForDeploymentPostprocessing = 0;
		};
		8E533D4429F0D07C00C2C802 /* Sources */ = {
			isa = PBXSourcesBuildPhase;
			buildActionMask = 2147483647;
			files = (
				8E533D4D29F0D07C00C2C802 /* PGNTests.swift in Sources */,
			);
			runOnlyForDeploymentPostprocessing = 0;
		};
		8E533D4E29F0D07C00C2C802 /* Sources */ = {
			isa = PBXSourcesBuildPhase;
			buildActionMask = 2147483647;
			files = (
				8E533D5929F0D07C00C2C802 /* PGNUITestsLaunchTests.swift in Sources */,
				8E533D5729F0D07C00C2C802 /* PGNUITests.swift in Sources */,
			);
			runOnlyForDeploymentPostprocessing = 0;
		};
/* End PBXSourcesBuildPhase section */

/* Begin PBXTargetDependency section */
		8E533D4A29F0D07C00C2C802 /* PBXTargetDependency */ = {
			isa = PBXTargetDependency;
			target = 8E533D3629F0D07900C2C802 /* PGN */;
			targetProxy = 8E533D4929F0D07C00C2C802 /* PBXContainerItemProxy */;
		};
		8E533D5429F0D07C00C2C802 /* PBXTargetDependency */ = {
			isa = PBXTargetDependency;
			target = 8E533D3629F0D07900C2C802 /* PGN */;
			targetProxy = 8E533D5329F0D07C00C2C802 /* PBXContainerItemProxy */;
		};
/* End PBXTargetDependency section */

/* Begin XCBuildConfiguration section */
		8E533D5A29F0D07C00C2C802 /* Debug */ = {
			isa = XCBuildConfiguration;
			buildSettings = {
				ALWAYS_SEARCH_USER_PATHS = NO;
				CLANG_ANALYZER_NONNULL = YES;
				CLANG_ANALYZER_NUMBER_OBJECT_CONVERSION = YES_AGGRESSIVE;
				CLANG_CXX_LANGUAGE_STANDARD = "gnu++20";
				CLANG_ENABLE_MODULES = YES;
				CLANG_ENABLE_OBJC_ARC = YES;
				CLANG_ENABLE_OBJC_WEAK = YES;
				CLANG_WARN_BLOCK_CAPTURE_AUTORELEASING = YES;
				CLANG_WARN_BOOL_CONVERSION = YES;
				CLANG_WARN_COMMA = YES;
				CLANG_WARN_CONSTANT_CONVERSION = YES;
				CLANG_WARN_DEPRECATED_OBJC_IMPLEMENTATIONS = YES;
				CLANG_WARN_DIRECT_OBJC_ISA_USAGE = YES_ERROR;
				CLANG_WARN_DOCUMENTATION_COMMENTS = YES;
				CLANG_WARN_EMPTY_BODY = YES;
				CLANG_WARN_ENUM_CONVERSION = YES;
				CLANG_WARN_INFINITE_RECURSION = YES;
				CLANG_WARN_INT_CONVERSION = YES;
				CLANG_WARN_NON_LITERAL_NULL_CONVERSION = YES;
				CLANG_WARN_OBJC_IMPLICIT_RETAIN_SELF = YES;
				CLANG_WARN_OBJC_LITERAL_CONVERSION = YES;
				CLANG_WARN_OBJC_ROOT_CLASS = YES_ERROR;
				CLANG_WARN_QUOTED_INCLUDE_IN_FRAMEWORK_HEADER = YES;
				CLANG_WARN_RANGE_LOOP_ANALYSIS = YES;
				CLANG_WARN_STRICT_PROTOTYPES = YES;
				CLANG_WARN_SUSPICIOUS_MOVE = YES;
				CLANG_WARN_UNGUARDED_AVAILABILITY = YES_AGGRESSIVE;
				CLANG_WARN_UNREACHABLE_CODE = YES;
				CLANG_WARN__DUPLICATE_METHOD_MATCH = YES;
				COPY_PHASE_STRIP = NO;
				DEBUG_INFORMATION_FORMAT = dwarf;
				ENABLE_STRICT_OBJC_MSGSEND = YES;
				ENABLE_TESTABILITY = YES;
				GCC_C_LANGUAGE_STANDARD = gnu11;
				GCC_DYNAMIC_NO_PIC = NO;
				GCC_NO_COMMON_BLOCKS = YES;
				GCC_OPTIMIZATION_LEVEL = 0;
				GCC_PREPROCESSOR_DEFINITIONS = (
					"DEBUG=1",
					"$(inherited)",
				);
				GCC_WARN_64_TO_32_BIT_CONVERSION = YES;
				GCC_WARN_ABOUT_RETURN_TYPE = YES_ERROR;
				GCC_WARN_UNDECLARED_SELECTOR = YES;
				GCC_WARN_UNINITIALIZED_AUTOS = YES_AGGRESSIVE;
				GCC_WARN_UNUSED_FUNCTION = YES;
				GCC_WARN_UNUSED_VARIABLE = YES;
				MACOSX_DEPLOYMENT_TARGET = 13.1;
				MTL_ENABLE_DEBUG_INFO = INCLUDE_SOURCE;
				MTL_FAST_MATH = YES;
				ONLY_ACTIVE_ARCH = YES;
				SDKROOT = macosx;
				SWIFT_ACTIVE_COMPILATION_CONDITIONS = DEBUG;
				SWIFT_OPTIMIZATION_LEVEL = "-Onone";
			};
			name = Debug;
		};
		8E533D5B29F0D07C00C2C802 /* Release */ = {
			isa = XCBuildConfiguration;
			buildSettings = {
				ALWAYS_SEARCH_USER_PATHS = NO;
				CLANG_ANALYZER_NONNULL = YES;
				CLANG_ANALYZER_NUMBER_OBJECT_CONVERSION = YES_AGGRESSIVE;
				CLANG_CXX_LANGUAGE_STANDARD = "gnu++20";
				CLANG_ENABLE_MODULES = YES;
				CLANG_ENABLE_OBJC_ARC = YES;
				CLANG_ENABLE_OBJC_WEAK = YES;
				CLANG_WARN_BLOCK_CAPTURE_AUTORELEASING = YES;
				CLANG_WARN_BOOL_CONVERSION = YES;
				CLANG_WARN_COMMA = YES;
				CLANG_WARN_CONSTANT_CONVERSION = YES;
				CLANG_WARN_DEPRECATED_OBJC_IMPLEMENTATIONS = YES;
				CLANG_WARN_DIRECT_OBJC_ISA_USAGE = YES_ERROR;
				CLANG_WARN_DOCUMENTATION_COMMENTS = YES;
				CLANG_WARN_EMPTY_BODY = YES;
				CLANG_WARN_ENUM_CONVERSION = YES;
				CLANG_WARN_INFINITE_RECURSION = YES;
				CLANG_WARN_INT_CONVERSION = YES;
				CLANG_WARN_NON_LITERAL_NULL_CONVERSION = YES;
				CLANG_WARN_OBJC_IMPLICIT_RETAIN_SELF = YES;
				CLANG_WARN_OBJC_LITERAL_CONVERSION = YES;
				CLANG_WARN_OBJC_ROOT_CLASS = YES_ERROR;
				CLANG_WARN_QUOTED_INCLUDE_IN_FRAMEWORK_HEADER = YES;
				CLANG_WARN_RANGE_LOOP_ANALYSIS = YES;
				CLANG_WARN_STRICT_PROTOTYPES = YES;
				CLANG_WARN_SUSPICIOUS_MOVE = YES;
				CLANG_WARN_UNGUARDED_AVAILABILITY = YES_AGGRESSIVE;
				CLANG_WARN_UNREACHABLE_CODE = YES;
				CLANG_WARN__DUPLICATE_METHOD_MATCH = YES;
				COPY_PHASE_STRIP = NO;
				DEBUG_INFORMATION_FORMAT = "dwarf-with-dsym";
				ENABLE_NS_ASSERTIONS = NO;
				ENABLE_STRICT_OBJC_MSGSEND = YES;
				GCC_C_LANGUAGE_STANDARD = gnu11;
				GCC_NO_COMMON_BLOCKS = YES;
				GCC_WARN_64_TO_32_BIT_CONVERSION = YES;
				GCC_WARN_ABOUT_RETURN_TYPE = YES_ERROR;
				GCC_WARN_UNDECLARED_SELECTOR = YES;
				GCC_WARN_UNINITIALIZED_AUTOS = YES_AGGRESSIVE;
				GCC_WARN_UNUSED_FUNCTION = YES;
				GCC_WARN_UNUSED_VARIABLE = YES;
				MACOSX_DEPLOYMENT_TARGET = 13.1;
				MTL_ENABLE_DEBUG_INFO = NO;
				MTL_FAST_MATH = YES;
				SDKROOT = macosx;
				SWIFT_COMPILATION_MODE = wholemodule;
				SWIFT_OPTIMIZATION_LEVEL = "-O";
			};
			name = Release;
		};
		8E533D5D29F0D07C00C2C802 /* Debug */ = {
			isa = XCBuildConfiguration;
			buildSettings = {
				ASSETCATALOG_COMPILER_APPICON_NAME = AppIcon;
				ASSETCATALOG_COMPILER_GLOBAL_ACCENT_COLOR_NAME = AccentColor;
				CODE_SIGN_ENTITLEMENTS = PGN/PGN.entitlements;
				CODE_SIGN_STYLE = Automatic;
				COMBINE_HIDPI_IMAGES = YES;
				CURRENT_PROJECT_VERSION = 1;
				DEVELOPMENT_ASSET_PATHS = "\"PGN/Preview Content\"";
				ENABLE_PREVIEWS = YES;
				GENERATE_INFOPLIST_FILE = YES;
				INFOPLIST_KEY_NSHumanReadableCopyright = "";
				LD_RUNPATH_SEARCH_PATHS = (
					"$(inherited)",
					"@executable_path/../Frameworks",
				);
				MARKETING_VERSION = 1.0;
				PRODUCT_BUNDLE_IDENTIFIER = com.PGN;
				PRODUCT_NAME = "$(TARGET_NAME)";
				SWIFT_EMIT_LOC_STRINGS = YES;
				SWIFT_VERSION = 5.0;
			};
			name = Debug;
		};
		8E533D5E29F0D07C00C2C802 /* Release */ = {
			isa = XCBuildConfiguration;
			buildSettings = {
				ASSETCATALOG_COMPILER_APPICON_NAME = AppIcon;
				ASSETCATALOG_COMPILER_GLOBAL_ACCENT_COLOR_NAME = AccentColor;
				CODE_SIGN_ENTITLEMENTS = PGN/PGN.entitlements;
				CODE_SIGN_STYLE = Automatic;
				COMBINE_HIDPI_IMAGES = YES;
				CURRENT_PROJECT_VERSION = 1;
				DEVELOPMENT_ASSET_PATHS = "\"PGN/Preview Content\"";
				ENABLE_PREVIEWS = YES;
				GENERATE_INFOPLIST_FILE = YES;
				INFOPLIST_KEY_NSHumanReadableCopyright = "";
				LD_RUNPATH_SEARCH_PATHS = (
					"$(inherited)",
					"@executable_path/../Frameworks",
				);
				MARKETING_VERSION = 1.0;
				PRODUCT_BUNDLE_IDENTIFIER = com.PGN;
				PRODUCT_NAME = "$(TARGET_NAME)";
				SWIFT_EMIT_LOC_STRINGS = YES;
				SWIFT_VERSION = 5.0;
			};
			name = Release;
		};
		8E533D6029F0D07C00C2C802 /* Debug */ = {
			isa = XCBuildConfiguration;
			buildSettings = {
				ALWAYS_EMBED_SWIFT_STANDARD_LIBRARIES = YES;
				BUNDLE_LOADER = "$(TEST_HOST)";
				CODE_SIGN_STYLE = Automatic;
				CURRENT_PROJECT_VERSION = 1;
				GENERATE_INFOPLIST_FILE = YES;
				MACOSX_DEPLOYMENT_TARGET = 13.1;
				MARKETING_VERSION = 1.0;
				PRODUCT_BUNDLE_IDENTIFIER = com.PGNTests;
				PRODUCT_NAME = "$(TARGET_NAME)";
				SWIFT_EMIT_LOC_STRINGS = NO;
				SWIFT_VERSION = 5.0;
				TEST_HOST = "$(BUILT_PRODUCTS_DIR)/PGN.app/$(BUNDLE_EXECUTABLE_FOLDER_PATH)/PGN";
			};
			name = Debug;
		};
		8E533D6129F0D07C00C2C802 /* Release */ = {
			isa = XCBuildConfiguration;
			buildSettings = {
				ALWAYS_EMBED_SWIFT_STANDARD_LIBRARIES = YES;
				BUNDLE_LOADER = "$(TEST_HOST)";
				CODE_SIGN_STYLE = Automatic;
				CURRENT_PROJECT_VERSION = 1;
				GENERATE_INFOPLIST_FILE = YES;
				MACOSX_DEPLOYMENT_TARGET = 13.1;
				MARKETING_VERSION = 1.0;
				PRODUCT_BUNDLE_IDENTIFIER = com.PGNTests;
				PRODUCT_NAME = "$(TARGET_NAME)";
				SWIFT_EMIT_LOC_STRINGS = NO;
				SWIFT_VERSION = 5.0;
				TEST_HOST = "$(BUILT_PRODUCTS_DIR)/PGN.app/$(BUNDLE_EXECUTABLE_FOLDER_PATH)/PGN";
			};
			name = Release;
		};
		8E533D6329F0D07C00C2C802 /* Debug */ = {
			isa = XCBuildConfiguration;
			buildSettings = {
				ALWAYS_EMBED_SWIFT_STANDARD_LIBRARIES = YES;
				CODE_SIGN_STYLE = Automatic;
				CURRENT_PROJECT_VERSION = 1;
				GENERATE_INFOPLIST_FILE = YES;
				MARKETING_VERSION = 1.0;
				PRODUCT_BUNDLE_IDENTIFIER = com.PGNUITests;
				PRODUCT_NAME = "$(TARGET_NAME)";
				SWIFT_EMIT_LOC_STRINGS = NO;
				SWIFT_VERSION = 5.0;
				TEST_TARGET_NAME = PGN;
			};
			name = Debug;
		};
		8E533D6429F0D07C00C2C802 /* Release */ = {
			isa = XCBuildConfiguration;
			buildSettings = {
				ALWAYS_EMBED_SWIFT_STANDARD_LIBRARIES = YES;
				CODE_SIGN_STYLE = Automatic;
				CURRENT_PROJECT_VERSION = 1;
				GENERATE_INFOPLIST_FILE = YES;
				MARKETING_VERSION = 1.0;
				PRODUCT_BUNDLE_IDENTIFIER = com.PGNUITests;
				PRODUCT_NAME = "$(TARGET_NAME)";
				SWIFT_EMIT_LOC_STRINGS = NO;
				SWIFT_VERSION = 5.0;
				TEST_TARGET_NAME = PGN;
			};
			name = Release;
		};
/* End XCBuildConfiguration section */

/* Begin XCConfigurationList section */
		8E533D3229F0D07900C2C802 /* Build configuration list for PBXProject "PGN" */ = {
			isa = XCConfigurationList;
			buildConfigurations = (
				8E533D5A29F0D07C00C2C802 /* Debug */,
				8E533D5B29F0D07C00C2C802 /* Release */,
			);
			defaultConfigurationIsVisible = 0;
			defaultConfigurationName = Release;
		};
		8E533D5C29F0D07C00C2C802 /* Build configuration list for PBXNativeTarget "PGN" */ = {
			isa = XCConfigurationList;
			buildConfigurations = (
				8E533D5D29F0D07C00C2C802 /* Debug */,
				8E533D5E29F0D07C00C2C802 /* Release */,
			);
			defaultConfigurationIsVisible = 0;
			defaultConfigurationName = Release;
		};
		8E533D5F29F0D07C00C2C802 /* Build configuration list for PBXNativeTarget "PGNTests" */ = {
			isa = XCConfigurationList;
			buildConfigurations = (
				8E533D6029F0D07C00C2C802 /* Debug */,
				8E533D6129F0D07C00C2C802 /* Release */,
			);
			defaultConfigurationIsVisible = 0;
			defaultConfigurationName = Release;
		};
		8E533D6229F0D07C00C2C802 /* Build configuration list for PBXNativeTarget "PGNUITests" */ = {
			isa = XCConfigurationList;
			buildConfigurations = (
				8E533D6329F0D07C00C2C802 /* Debug */,
				8E533D6429F0D07C00C2C802 /* Release */,
			);
			defaultConfigurationIsVisible = 0;
			defaultConfigurationName = Release;
		};
/* End XCConfigurationList section */
	};
	rootObject = 8E533D2F29F0D07900C2C802 /* Project object */;
}
